// !$*UTF8*$!
{
	archiveVersion = 1;
	classes = {
	};
	objectVersion = 50;
	objects = {

/* Begin PBXBuildFile section */
		3013CE412208D54F0015AE99 /* AUIUpdatingCellControllers.swift in Sources */ = {isa = PBXBuildFile; fileRef = 3013CE402208D54F0015AE99 /* AUIUpdatingCellControllers.swift */; };
		30A7CD49219C144A006DAAA1 /* AUICollectionViewCell.swift in Sources */ = {isa = PBXBuildFile; fileRef = 30A7CD37219C144A006DAAA1 /* AUICollectionViewCell.swift */; };
		30A7CD4A219C144A006DAAA1 /* AUIContainerCollectionViewCell.swift in Sources */ = {isa = PBXBuildFile; fileRef = 30A7CD38219C144A006DAAA1 /* AUIContainerCollectionViewCell.swift */; };
		30A7CD4E219C144A006DAAA1 /* AUICollectionViewDataSourceProxy.swift in Sources */ = {isa = PBXBuildFile; fileRef = 30A7CD3D219C144A006DAAA1 /* AUICollectionViewDataSourceProxy.swift */; };
		30A7CD4F219C144A006DAAA1 /* AUICollectionViewDataSourcePrefetchingProxy.swift in Sources */ = {isa = PBXBuildFile; fileRef = 30A7CD3E219C144A006DAAA1 /* AUICollectionViewDataSourcePrefetchingProxy.swift */; };
		30A7CD50219C144A006DAAA1 /* AUICollectionViewDelegateProxy.swift in Sources */ = {isa = PBXBuildFile; fileRef = 30A7CD3F219C144A006DAAA1 /* AUICollectionViewDelegateProxy.swift */; };
		30A7CD52219C144A006DAAA1 /* AUICollectionViewController.swift in Sources */ = {isa = PBXBuildFile; fileRef = 30A7CD41219C144A006DAAA1 /* AUICollectionViewController.swift */; };
		30A7CD54219C144A006DAAA1 /* AUIElementCollectionViewCellController.swift in Sources */ = {isa = PBXBuildFile; fileRef = 30A7CD44219C144A006DAAA1 /* AUIElementCollectionViewCellController.swift */; };
		30A7CD55219C144A006DAAA1 /* AUICollectionViewCellController.swift in Sources */ = {isa = PBXBuildFile; fileRef = 30A7CD45219C144A006DAAA1 /* AUICollectionViewCellController.swift */; };
		30BB5E592206FA6A00F7DA0F /* AUIInsertingCellControllers.swift in Sources */ = {isa = PBXBuildFile; fileRef = 30BB5E552206FA6A00F7DA0F /* AUIInsertingCellControllers.swift */; };
		30BB5E5A2206FA6A00F7DA0F /* AUIDeletingCellControllers.swift in Sources */ = {isa = PBXBuildFile; fileRef = 30BB5E562206FA6A00F7DA0F /* AUIDeletingCellControllers.swift */; };
		30BB5E5B2206FA6A00F7DA0F /* AUIUpdatableWideCollectionViewLayout.swift in Sources */ = {isa = PBXBuildFile; fileRef = 30BB5E572206FA6A00F7DA0F /* AUIUpdatableWideCollectionViewLayout.swift */; };
		30BB5E5C2206FA6A00F7DA0F /* AUIUpdatableCollectionViewController.swift in Sources */ = {isa = PBXBuildFile; fileRef = 30BB5E582206FA6A00F7DA0F /* AUIUpdatableCollectionViewController.swift */; };
		30BB5E5F2206FC0500F7DA0F /* AUIDynamicSizeCollectionCell.swift in Sources */ = {isa = PBXBuildFile; fileRef = 30BB5E5D2206FC0500F7DA0F /* AUIDynamicSizeCollectionCell.swift */; };
		30BB5E602206FC0500F7DA0F /* AUIReusableCollectionCell.swift in Sources */ = {isa = PBXBuildFile; fileRef = 30BB5E5E2206FC0500F7DA0F /* AUIReusableCollectionCell.swift */; };
		C525D82021996AF20057E69F /* AUIRefreshControlController.swift in Sources */ = {isa = PBXBuildFile; fileRef = C525D81721996AF10057E69F /* AUIRefreshControlController.swift */; };
		C525D82121996AF20057E69F /* AUIDefaultRefreshControlController.swift in Sources */ = {isa = PBXBuildFile; fileRef = C525D81821996AF10057E69F /* AUIDefaultRefreshControlController.swift */; };
		C525D82221996AF20057E69F /* AUIButtonController.swift in Sources */ = {isa = PBXBuildFile; fileRef = C525D81A21996AF10057E69F /* AUIButtonController.swift */; };
		C525D82321996AF20057E69F /* AUIButton.swift in Sources */ = {isa = PBXBuildFile; fileRef = C525D81B21996AF10057E69F /* AUIButton.swift */; };
		C525D82421996AF20057E69F /* AUIDefaultButtonController.swift in Sources */ = {isa = PBXBuildFile; fileRef = C525D81C21996AF10057E69F /* AUIDefaultButtonController.swift */; };
		C525D82521996AF20057E69F /* AUIControlController.swift in Sources */ = {isa = PBXBuildFile; fileRef = C525D81E21996AF20057E69F /* AUIControlController.swift */; };
		C525D82621996AF20057E69F /* AUIDefaultControlController.swift in Sources */ = {isa = PBXBuildFile; fileRef = C525D81F21996AF20057E69F /* AUIDefaultControlController.swift */; };
		C525D831219971F70057E69F /* AUITextFieldController.swift in Sources */ = {isa = PBXBuildFile; fileRef = C525D82F219971F70057E69F /* AUITextFieldController.swift */; };
		C525D832219971F70057E69F /* AUIDefaultTextFieldController.swift in Sources */ = {isa = PBXBuildFile; fileRef = C525D830219971F70057E69F /* AUIDefaultTextFieldController.swift */; };
		C525D838219972770057E69F /* AUIDefaultPageController.swift in Sources */ = {isa = PBXBuildFile; fileRef = C525D834219972770057E69F /* AUIDefaultPageController.swift */; };
		C525D839219972770057E69F /* AUIPageController.swift in Sources */ = {isa = PBXBuildFile; fileRef = C525D835219972770057E69F /* AUIPageController.swift */; };
		C525D83A219972770057E69F /* AUIDefaultPagesController.swift in Sources */ = {isa = PBXBuildFile; fileRef = C525D836219972770057E69F /* AUIDefaultPagesController.swift */; };
		C525D83B219972770057E69F /* UIPageControl+PreferredSize.swift in Sources */ = {isa = PBXBuildFile; fileRef = C525D837219972770057E69F /* UIPageControl+PreferredSize.swift */; };
		C525D87A2199866D0057E69F /* AUIElementTableViewSectionController.swift in Sources */ = {isa = PBXBuildFile; fileRef = C525D8672199866D0057E69F /* AUIElementTableViewSectionController.swift */; };
		C525D87B2199866D0057E69F /* AUITableViewSectionController.swift in Sources */ = {isa = PBXBuildFile; fileRef = C525D8682199866D0057E69F /* AUITableViewSectionController.swift */; };
		C525D87F2199866D0057E69F /* AUIGenericContainerTableViewCell.swift in Sources */ = {isa = PBXBuildFile; fileRef = C525D86D2199866D0057E69F /* AUIGenericContainerTableViewCell.swift */; };
		C525D8802199866D0057E69F /* AUITableViewCellView.swift in Sources */ = {isa = PBXBuildFile; fileRef = C525D86E2199866D0057E69F /* AUITableViewCellView.swift */; };
		C525D8812199866D0057E69F /* AUITableViewCellController.swift in Sources */ = {isa = PBXBuildFile; fileRef = C525D86F2199866D0057E69F /* AUITableViewCellController.swift */; };
		C525D8822199866D0057E69F /* AUIElementTableViewCellController.swift in Sources */ = {isa = PBXBuildFile; fileRef = C525D8702199866D0057E69F /* AUIElementTableViewCellController.swift */; };
		C525D8832199866D0057E69F /* AUIContainerTableViewCell.swift in Sources */ = {isa = PBXBuildFile; fileRef = C525D8712199866D0057E69F /* AUIContainerTableViewCell.swift */; };
		C525D8842199866D0057E69F /* AUITableViewController.swift in Sources */ = {isa = PBXBuildFile; fileRef = C525D8722199866D0057E69F /* AUITableViewController.swift */; };
		C525D8852199866D0057E69F /* AUIDefaultTableViewController.swift in Sources */ = {isa = PBXBuildFile; fileRef = C525D8732199866D0057E69F /* AUIDefaultTableViewController.swift */; };
		C525D8862199866D0057E69F /* AUIContainerTableViewHeaderFooterView.swift in Sources */ = {isa = PBXBuildFile; fileRef = C525D8752199866D0057E69F /* AUIContainerTableViewHeaderFooterView.swift */; };
		C525D8872199866D0057E69F /* AUIElementTableViewHeaderFooterController.swift in Sources */ = {isa = PBXBuildFile; fileRef = C525D8762199866D0057E69F /* AUIElementTableViewHeaderFooterController.swift */; };
		C525D8882199866D0057E69F /* AUITableViewHeaderFooterView.swift in Sources */ = {isa = PBXBuildFile; fileRef = C525D8772199866D0057E69F /* AUITableViewHeaderFooterView.swift */; };
		C525D8892199866D0057E69F /* AUITableViewHeaderFooterController.swift in Sources */ = {isa = PBXBuildFile; fileRef = C525D8782199866D0057E69F /* AUITableViewHeaderFooterController.swift */; };
		C525D88A2199866D0057E69F /* AUIGenericContainerTableViewHeaderFooterView.swift in Sources */ = {isa = PBXBuildFile; fileRef = C525D8792199866D0057E69F /* AUIGenericContainerTableViewHeaderFooterView.swift */; };
		C525D88D219998AA0057E69F /* AUIScreenController.swift in Sources */ = {isa = PBXBuildFile; fileRef = C525D88C219998AA0057E69F /* AUIScreenController.swift */; };
		C528BA4221BC3EC500FFCE53 /* AUITableView.swift in Sources */ = {isa = PBXBuildFile; fileRef = C528BA4121BC3EC500FFCE53 /* AUITableView.swift */; };
		C528BA4421BC410200FFCE53 /* AUIPagesController.swift in Sources */ = {isa = PBXBuildFile; fileRef = C528BA4321BC410200FFCE53 /* AUIPagesController.swift */; };
		C53AEA4D2195AF690087F0A2 /* AUIKit.h in Headers */ = {isa = PBXBuildFile; fileRef = C53AEA4B2195AF690087F0A2 /* AUIKit.h */; settings = {ATTRIBUTES = (Public, ); }; };
		C53AEAE52195B01C0087F0A2 /* AUIDefaultViewController.swift in Sources */ = {isa = PBXBuildFile; fileRef = C53AEAA12195B01C0087F0A2 /* AUIDefaultViewController.swift */; };
		C53AEAE62195B01C0087F0A2 /* AUIViewController.swift in Sources */ = {isa = PBXBuildFile; fileRef = C53AEAA22195B01C0087F0A2 /* AUIViewController.swift */; };
		C53AEAEE2195BD980087F0A2 /* AUIView.swift in Sources */ = {isa = PBXBuildFile; fileRef = C53AEAA02195B01C0087F0A2 /* AUIView.swift */; };
		C53AEB052195D9710087F0A2 /* AUIDefaultToolbarController.swift in Sources */ = {isa = PBXBuildFile; fileRef = C53AEAF42195D9710087F0A2 /* AUIDefaultToolbarController.swift */; };
		C53AEB062195D9710087F0A2 /* AUIToolbar.swift in Sources */ = {isa = PBXBuildFile; fileRef = C53AEAF52195D9710087F0A2 /* AUIToolbar.swift */; };
		C53AEB072195D9710087F0A2 /* AUIToolbarController.swift in Sources */ = {isa = PBXBuildFile; fileRef = C53AEAF62195D9710087F0A2 /* AUIToolbarController.swift */; };
		C53AEB0B2195D9710087F0A2 /* AUILabel.swift in Sources */ = {isa = PBXBuildFile; fileRef = C53AEAFC2195D9710087F0A2 /* AUILabel.swift */; };
		C53AEB0C2195D9710087F0A2 /* AUILabelController.swift in Sources */ = {isa = PBXBuildFile; fileRef = C53AEAFD2195D9710087F0A2 /* AUILabelController.swift */; };
		C53AEB0D2195D9710087F0A2 /* AUIDefaultLabelController.swift in Sources */ = {isa = PBXBuildFile; fileRef = C53AEAFE2195D9710087F0A2 /* AUIDefaultLabelController.swift */; };
		C53AEB142195DBE30087F0A2 /* AUIDefaultImageViewController.swift in Sources */ = {isa = PBXBuildFile; fileRef = C53AEB112195DBE30087F0A2 /* AUIDefaultImageViewController.swift */; };
		C53AEB152195DBE30087F0A2 /* AUIImageViewController.swift in Sources */ = {isa = PBXBuildFile; fileRef = C53AEB122195DBE30087F0A2 /* AUIImageViewController.swift */; };
		C53AEB162195DBE30087F0A2 /* AUIImageView.swift in Sources */ = {isa = PBXBuildFile; fileRef = C53AEB132195DBE30087F0A2 /* AUIImageView.swift */; };
		C53AEB1D2195DC470087F0A2 /* AUIBarItemController.swift in Sources */ = {isa = PBXBuildFile; fileRef = C53AEB182195DC470087F0A2 /* AUIBarItemController.swift */; };
		C53AEB1E2195DC470087F0A2 /* AUIDefaultBarItemController.swift in Sources */ = {isa = PBXBuildFile; fileRef = C53AEB192195DC470087F0A2 /* AUIDefaultBarItemController.swift */; };
		C53AEB1F2195DC470087F0A2 /* AUIDefaultBarButtonItemController.swift in Sources */ = {isa = PBXBuildFile; fileRef = C53AEB1B2195DC470087F0A2 /* AUIDefaultBarButtonItemController.swift */; };
		C53AEB202195DC470087F0A2 /* AUIBarButtonItemController.swift in Sources */ = {isa = PBXBuildFile; fileRef = C53AEB1C2195DC470087F0A2 /* AUIBarButtonItemController.swift */; };
		C53AEB2D2195DD1A0087F0A2 /* AUIPickerController.swift in Sources */ = {isa = PBXBuildFile; fileRef = C53AEB222195DD1A0087F0A2 /* AUIPickerController.swift */; };
		C53AEB2E2195DD1A0087F0A2 /* AUIDefaultTitlePickerItemController.swift in Sources */ = {isa = PBXBuildFile; fileRef = C53AEB242195DD1A0087F0A2 /* AUIDefaultTitlePickerItemController.swift */; };
		C53AEB2F2195DD1A0087F0A2 /* AUIDefaultTitlePickerController.swift in Sources */ = {isa = PBXBuildFile; fileRef = C53AEB252195DD1A0087F0A2 /* AUIDefaultTitlePickerController.swift */; };
		C53AEB302195DD1A0087F0A2 /* AUITitlePickerController.swift in Sources */ = {isa = PBXBuildFile; fileRef = C53AEB262195DD1A0087F0A2 /* AUITitlePickerController.swift */; };
		C53AEB312195DD1A0087F0A2 /* AUIDefaultTitlePickerComponentController.swift in Sources */ = {isa = PBXBuildFile; fileRef = C53AEB272195DD1A0087F0A2 /* AUIDefaultTitlePickerComponentController.swift */; };
		C53AEB322195DD1B0087F0A2 /* AUITitlePickerItemController.swift in Sources */ = {isa = PBXBuildFile; fileRef = C53AEB282195DD1A0087F0A2 /* AUITitlePickerItemController.swift */; };
		C53AEB332195DD1B0087F0A2 /* AUITitlePickerComponentController.swift in Sources */ = {isa = PBXBuildFile; fileRef = C53AEB292195DD1A0087F0A2 /* AUITitlePickerComponentController.swift */; };
		C53AEB342195DD1B0087F0A2 /* AUIDefaultPickerController.swift in Sources */ = {isa = PBXBuildFile; fileRef = C53AEB2A2195DD1A0087F0A2 /* AUIDefaultPickerController.swift */; };
		C53AEB362195DD1B0087F0A2 /* AUIPickerItemController.swift in Sources */ = {isa = PBXBuildFile; fileRef = C53AEB2C2195DD1A0087F0A2 /* AUIPickerItemController.swift */; };
		C53AEB502195FA280087F0A2 /* AUIDefaultScrollViewController.swift in Sources */ = {isa = PBXBuildFile; fileRef = C53AEB4A2195FA280087F0A2 /* AUIDefaultScrollViewController.swift */; };
		C53AEB542195FA280087F0A2 /* AUIScrollViewController.swift in Sources */ = {isa = PBXBuildFile; fileRef = C53AEB4E2195FA280087F0A2 /* AUIScrollViewController.swift */; };
		C53AEB552195FA280087F0A2 /* AUIScrollView.swift in Sources */ = {isa = PBXBuildFile; fileRef = C53AEB4F2195FA280087F0A2 /* AUIScrollView.swift */; };
		C53AEB592195FA970087F0A2 /* AUIDefaultTextViewController.swift in Sources */ = {isa = PBXBuildFile; fileRef = C53AEB572195FA970087F0A2 /* AUIDefaultTextViewController.swift */; };
		C53AEB5A2195FA970087F0A2 /* AUITextViewController.swift in Sources */ = {isa = PBXBuildFile; fileRef = C53AEB582195FA970087F0A2 /* AUITextViewController.swift */; };
		C53FB4A321C68A9B0067C46C /* AUIPickerComponentController.swift in Sources */ = {isa = PBXBuildFile; fileRef = C53FB4A221C68A9B0067C46C /* AUIPickerComponentController.swift */; };
/* End PBXBuildFile section */

/* Begin PBXFileReference section */
		3013CE402208D54F0015AE99 /* AUIUpdatingCellControllers.swift */ = {isa = PBXFileReference; lastKnownFileType = sourcecode.swift; path = AUIUpdatingCellControllers.swift; sourceTree = "<group>"; };
		30A7CD37219C144A006DAAA1 /* AUICollectionViewCell.swift */ = {isa = PBXFileReference; fileEncoding = 4; lastKnownFileType = sourcecode.swift; path = AUICollectionViewCell.swift; sourceTree = "<group>"; };
		30A7CD38219C144A006DAAA1 /* AUIContainerCollectionViewCell.swift */ = {isa = PBXFileReference; fileEncoding = 4; lastKnownFileType = sourcecode.swift; path = AUIContainerCollectionViewCell.swift; sourceTree = "<group>"; };
		30A7CD3D219C144A006DAAA1 /* AUICollectionViewDataSourceProxy.swift */ = {isa = PBXFileReference; fileEncoding = 4; lastKnownFileType = sourcecode.swift; path = AUICollectionViewDataSourceProxy.swift; sourceTree = "<group>"; };
		30A7CD3E219C144A006DAAA1 /* AUICollectionViewDataSourcePrefetchingProxy.swift */ = {isa = PBXFileReference; fileEncoding = 4; lastKnownFileType = sourcecode.swift; path = AUICollectionViewDataSourcePrefetchingProxy.swift; sourceTree = "<group>"; };
		30A7CD3F219C144A006DAAA1 /* AUICollectionViewDelegateProxy.swift */ = {isa = PBXFileReference; fileEncoding = 4; lastKnownFileType = sourcecode.swift; path = AUICollectionViewDelegateProxy.swift; sourceTree = "<group>"; };
		30A7CD41219C144A006DAAA1 /* AUICollectionViewController.swift */ = {isa = PBXFileReference; fileEncoding = 4; lastKnownFileType = sourcecode.swift; path = AUICollectionViewController.swift; sourceTree = "<group>"; };
		30A7CD44219C144A006DAAA1 /* AUIElementCollectionViewCellController.swift */ = {isa = PBXFileReference; fileEncoding = 4; lastKnownFileType = sourcecode.swift; path = AUIElementCollectionViewCellController.swift; sourceTree = "<group>"; };
		30A7CD45219C144A006DAAA1 /* AUICollectionViewCellController.swift */ = {isa = PBXFileReference; fileEncoding = 4; lastKnownFileType = sourcecode.swift; path = AUICollectionViewCellController.swift; sourceTree = "<group>"; };
		30BB5E552206FA6A00F7DA0F /* AUIInsertingCellControllers.swift */ = {isa = PBXFileReference; fileEncoding = 4; lastKnownFileType = sourcecode.swift; path = AUIInsertingCellControllers.swift; sourceTree = "<group>"; };
		30BB5E562206FA6A00F7DA0F /* AUIDeletingCellControllers.swift */ = {isa = PBXFileReference; fileEncoding = 4; lastKnownFileType = sourcecode.swift; path = AUIDeletingCellControllers.swift; sourceTree = "<group>"; };
		30BB5E572206FA6A00F7DA0F /* AUIUpdatableWideCollectionViewLayout.swift */ = {isa = PBXFileReference; fileEncoding = 4; lastKnownFileType = sourcecode.swift; path = AUIUpdatableWideCollectionViewLayout.swift; sourceTree = "<group>"; };
		30BB5E582206FA6A00F7DA0F /* AUIUpdatableCollectionViewController.swift */ = {isa = PBXFileReference; fileEncoding = 4; lastKnownFileType = sourcecode.swift; path = AUIUpdatableCollectionViewController.swift; sourceTree = "<group>"; };
		30BB5E5D2206FC0500F7DA0F /* AUIDynamicSizeCollectionCell.swift */ = {isa = PBXFileReference; fileEncoding = 4; lastKnownFileType = sourcecode.swift; path = AUIDynamicSizeCollectionCell.swift; sourceTree = "<group>"; };
		30BB5E5E2206FC0500F7DA0F /* AUIReusableCollectionCell.swift */ = {isa = PBXFileReference; fileEncoding = 4; lastKnownFileType = sourcecode.swift; path = AUIReusableCollectionCell.swift; sourceTree = "<group>"; };
		C525D81721996AF10057E69F /* AUIRefreshControlController.swift */ = {isa = PBXFileReference; fileEncoding = 4; lastKnownFileType = sourcecode.swift; path = AUIRefreshControlController.swift; sourceTree = "<group>"; };
		C525D81821996AF10057E69F /* AUIDefaultRefreshControlController.swift */ = {isa = PBXFileReference; fileEncoding = 4; lastKnownFileType = sourcecode.swift; path = AUIDefaultRefreshControlController.swift; sourceTree = "<group>"; };
		C525D81A21996AF10057E69F /* AUIButtonController.swift */ = {isa = PBXFileReference; fileEncoding = 4; lastKnownFileType = sourcecode.swift; path = AUIButtonController.swift; sourceTree = "<group>"; };
		C525D81B21996AF10057E69F /* AUIButton.swift */ = {isa = PBXFileReference; fileEncoding = 4; lastKnownFileType = sourcecode.swift; path = AUIButton.swift; sourceTree = "<group>"; };
		C525D81C21996AF10057E69F /* AUIDefaultButtonController.swift */ = {isa = PBXFileReference; fileEncoding = 4; lastKnownFileType = sourcecode.swift; path = AUIDefaultButtonController.swift; sourceTree = "<group>"; };
		C525D81E21996AF20057E69F /* AUIControlController.swift */ = {isa = PBXFileReference; fileEncoding = 4; lastKnownFileType = sourcecode.swift; path = AUIControlController.swift; sourceTree = "<group>"; };
		C525D81F21996AF20057E69F /* AUIDefaultControlController.swift */ = {isa = PBXFileReference; fileEncoding = 4; lastKnownFileType = sourcecode.swift; path = AUIDefaultControlController.swift; sourceTree = "<group>"; };
		C525D82F219971F70057E69F /* AUITextFieldController.swift */ = {isa = PBXFileReference; fileEncoding = 4; lastKnownFileType = sourcecode.swift; path = AUITextFieldController.swift; sourceTree = "<group>"; };
		C525D830219971F70057E69F /* AUIDefaultTextFieldController.swift */ = {isa = PBXFileReference; fileEncoding = 4; lastKnownFileType = sourcecode.swift; path = AUIDefaultTextFieldController.swift; sourceTree = "<group>"; };
		C525D834219972770057E69F /* AUIDefaultPageController.swift */ = {isa = PBXFileReference; fileEncoding = 4; lastKnownFileType = sourcecode.swift; path = AUIDefaultPageController.swift; sourceTree = "<group>"; };
		C525D835219972770057E69F /* AUIPageController.swift */ = {isa = PBXFileReference; fileEncoding = 4; lastKnownFileType = sourcecode.swift; path = AUIPageController.swift; sourceTree = "<group>"; };
		C525D836219972770057E69F /* AUIDefaultPagesController.swift */ = {isa = PBXFileReference; fileEncoding = 4; lastKnownFileType = sourcecode.swift; path = AUIDefaultPagesController.swift; sourceTree = "<group>"; };
		C525D837219972770057E69F /* UIPageControl+PreferredSize.swift */ = {isa = PBXFileReference; fileEncoding = 4; lastKnownFileType = sourcecode.swift; path = "UIPageControl+PreferredSize.swift"; sourceTree = "<group>"; };
		C525D8672199866D0057E69F /* AUIElementTableViewSectionController.swift */ = {isa = PBXFileReference; fileEncoding = 4; lastKnownFileType = sourcecode.swift; path = AUIElementTableViewSectionController.swift; sourceTree = "<group>"; };
		C525D8682199866D0057E69F /* AUITableViewSectionController.swift */ = {isa = PBXFileReference; fileEncoding = 4; lastKnownFileType = sourcecode.swift; path = AUITableViewSectionController.swift; sourceTree = "<group>"; };
		C525D86D2199866D0057E69F /* AUIGenericContainerTableViewCell.swift */ = {isa = PBXFileReference; fileEncoding = 4; lastKnownFileType = sourcecode.swift; path = AUIGenericContainerTableViewCell.swift; sourceTree = "<group>"; };
		C525D86E2199866D0057E69F /* AUITableViewCellView.swift */ = {isa = PBXFileReference; fileEncoding = 4; lastKnownFileType = sourcecode.swift; path = AUITableViewCellView.swift; sourceTree = "<group>"; };
		C525D86F2199866D0057E69F /* AUITableViewCellController.swift */ = {isa = PBXFileReference; fileEncoding = 4; lastKnownFileType = sourcecode.swift; path = AUITableViewCellController.swift; sourceTree = "<group>"; };
		C525D8702199866D0057E69F /* AUIElementTableViewCellController.swift */ = {isa = PBXFileReference; fileEncoding = 4; lastKnownFileType = sourcecode.swift; path = AUIElementTableViewCellController.swift; sourceTree = "<group>"; };
		C525D8712199866D0057E69F /* AUIContainerTableViewCell.swift */ = {isa = PBXFileReference; fileEncoding = 4; lastKnownFileType = sourcecode.swift; path = AUIContainerTableViewCell.swift; sourceTree = "<group>"; };
		C525D8722199866D0057E69F /* AUITableViewController.swift */ = {isa = PBXFileReference; fileEncoding = 4; lastKnownFileType = sourcecode.swift; path = AUITableViewController.swift; sourceTree = "<group>"; };
		C525D8732199866D0057E69F /* AUIDefaultTableViewController.swift */ = {isa = PBXFileReference; fileEncoding = 4; lastKnownFileType = sourcecode.swift; path = AUIDefaultTableViewController.swift; sourceTree = "<group>"; };
		C525D8752199866D0057E69F /* AUIContainerTableViewHeaderFooterView.swift */ = {isa = PBXFileReference; fileEncoding = 4; lastKnownFileType = sourcecode.swift; path = AUIContainerTableViewHeaderFooterView.swift; sourceTree = "<group>"; };
		C525D8762199866D0057E69F /* AUIElementTableViewHeaderFooterController.swift */ = {isa = PBXFileReference; fileEncoding = 4; lastKnownFileType = sourcecode.swift; path = AUIElementTableViewHeaderFooterController.swift; sourceTree = "<group>"; };
		C525D8772199866D0057E69F /* AUITableViewHeaderFooterView.swift */ = {isa = PBXFileReference; fileEncoding = 4; lastKnownFileType = sourcecode.swift; path = AUITableViewHeaderFooterView.swift; sourceTree = "<group>"; };
		C525D8782199866D0057E69F /* AUITableViewHeaderFooterController.swift */ = {isa = PBXFileReference; fileEncoding = 4; lastKnownFileType = sourcecode.swift; path = AUITableViewHeaderFooterController.swift; sourceTree = "<group>"; };
		C525D8792199866D0057E69F /* AUIGenericContainerTableViewHeaderFooterView.swift */ = {isa = PBXFileReference; fileEncoding = 4; lastKnownFileType = sourcecode.swift; path = AUIGenericContainerTableViewHeaderFooterView.swift; sourceTree = "<group>"; };
		C525D88C219998AA0057E69F /* AUIScreenController.swift */ = {isa = PBXFileReference; lastKnownFileType = sourcecode.swift; path = AUIScreenController.swift; sourceTree = "<group>"; };
		C528BA4121BC3EC500FFCE53 /* AUITableView.swift */ = {isa = PBXFileReference; lastKnownFileType = sourcecode.swift; path = AUITableView.swift; sourceTree = "<group>"; };
		C528BA4321BC410200FFCE53 /* AUIPagesController.swift */ = {isa = PBXFileReference; lastKnownFileType = sourcecode.swift; path = AUIPagesController.swift; sourceTree = "<group>"; };
		C53AEA482195AF690087F0A2 /* AUIKit.framework */ = {isa = PBXFileReference; explicitFileType = wrapper.framework; includeInIndex = 0; path = AUIKit.framework; sourceTree = BUILT_PRODUCTS_DIR; };
		C53AEA4B2195AF690087F0A2 /* AUIKit.h */ = {isa = PBXFileReference; lastKnownFileType = sourcecode.c.h; path = AUIKit.h; sourceTree = "<group>"; };
		C53AEA4C2195AF690087F0A2 /* Info.plist */ = {isa = PBXFileReference; lastKnownFileType = text.plist.xml; path = Info.plist; sourceTree = "<group>"; };
		C53AEAA02195B01C0087F0A2 /* AUIView.swift */ = {isa = PBXFileReference; fileEncoding = 4; lastKnownFileType = sourcecode.swift; path = AUIView.swift; sourceTree = "<group>"; };
		C53AEAA12195B01C0087F0A2 /* AUIDefaultViewController.swift */ = {isa = PBXFileReference; fileEncoding = 4; lastKnownFileType = sourcecode.swift; path = AUIDefaultViewController.swift; sourceTree = "<group>"; };
		C53AEAA22195B01C0087F0A2 /* AUIViewController.swift */ = {isa = PBXFileReference; fileEncoding = 4; lastKnownFileType = sourcecode.swift; path = AUIViewController.swift; sourceTree = "<group>"; };
		C53AEAF42195D9710087F0A2 /* AUIDefaultToolbarController.swift */ = {isa = PBXFileReference; fileEncoding = 4; lastKnownFileType = sourcecode.swift; path = AUIDefaultToolbarController.swift; sourceTree = "<group>"; };
		C53AEAF52195D9710087F0A2 /* AUIToolbar.swift */ = {isa = PBXFileReference; fileEncoding = 4; lastKnownFileType = sourcecode.swift; path = AUIToolbar.swift; sourceTree = "<group>"; };
		C53AEAF62195D9710087F0A2 /* AUIToolbarController.swift */ = {isa = PBXFileReference; fileEncoding = 4; lastKnownFileType = sourcecode.swift; path = AUIToolbarController.swift; sourceTree = "<group>"; };
		C53AEAFC2195D9710087F0A2 /* AUILabel.swift */ = {isa = PBXFileReference; fileEncoding = 4; lastKnownFileType = sourcecode.swift; path = AUILabel.swift; sourceTree = "<group>"; };
		C53AEAFD2195D9710087F0A2 /* AUILabelController.swift */ = {isa = PBXFileReference; fileEncoding = 4; lastKnownFileType = sourcecode.swift; path = AUILabelController.swift; sourceTree = "<group>"; };
		C53AEAFE2195D9710087F0A2 /* AUIDefaultLabelController.swift */ = {isa = PBXFileReference; fileEncoding = 4; lastKnownFileType = sourcecode.swift; path = AUIDefaultLabelController.swift; sourceTree = "<group>"; };
		C53AEB112195DBE30087F0A2 /* AUIDefaultImageViewController.swift */ = {isa = PBXFileReference; fileEncoding = 4; lastKnownFileType = sourcecode.swift; path = AUIDefaultImageViewController.swift; sourceTree = "<group>"; };
		C53AEB122195DBE30087F0A2 /* AUIImageViewController.swift */ = {isa = PBXFileReference; fileEncoding = 4; lastKnownFileType = sourcecode.swift; path = AUIImageViewController.swift; sourceTree = "<group>"; };
		C53AEB132195DBE30087F0A2 /* AUIImageView.swift */ = {isa = PBXFileReference; fileEncoding = 4; lastKnownFileType = sourcecode.swift; path = AUIImageView.swift; sourceTree = "<group>"; };
		C53AEB182195DC470087F0A2 /* AUIBarItemController.swift */ = {isa = PBXFileReference; fileEncoding = 4; lastKnownFileType = sourcecode.swift; path = AUIBarItemController.swift; sourceTree = "<group>"; };
		C53AEB192195DC470087F0A2 /* AUIDefaultBarItemController.swift */ = {isa = PBXFileReference; fileEncoding = 4; lastKnownFileType = sourcecode.swift; path = AUIDefaultBarItemController.swift; sourceTree = "<group>"; };
		C53AEB1B2195DC470087F0A2 /* AUIDefaultBarButtonItemController.swift */ = {isa = PBXFileReference; fileEncoding = 4; lastKnownFileType = sourcecode.swift; path = AUIDefaultBarButtonItemController.swift; sourceTree = "<group>"; };
		C53AEB1C2195DC470087F0A2 /* AUIBarButtonItemController.swift */ = {isa = PBXFileReference; fileEncoding = 4; lastKnownFileType = sourcecode.swift; path = AUIBarButtonItemController.swift; sourceTree = "<group>"; };
		C53AEB222195DD1A0087F0A2 /* AUIPickerController.swift */ = {isa = PBXFileReference; fileEncoding = 4; lastKnownFileType = sourcecode.swift; path = AUIPickerController.swift; sourceTree = "<group>"; };
		C53AEB242195DD1A0087F0A2 /* AUIDefaultTitlePickerItemController.swift */ = {isa = PBXFileReference; fileEncoding = 4; lastKnownFileType = sourcecode.swift; path = AUIDefaultTitlePickerItemController.swift; sourceTree = "<group>"; };
		C53AEB252195DD1A0087F0A2 /* AUIDefaultTitlePickerController.swift */ = {isa = PBXFileReference; fileEncoding = 4; lastKnownFileType = sourcecode.swift; path = AUIDefaultTitlePickerController.swift; sourceTree = "<group>"; };
		C53AEB262195DD1A0087F0A2 /* AUITitlePickerController.swift */ = {isa = PBXFileReference; fileEncoding = 4; lastKnownFileType = sourcecode.swift; path = AUITitlePickerController.swift; sourceTree = "<group>"; };
		C53AEB272195DD1A0087F0A2 /* AUIDefaultTitlePickerComponentController.swift */ = {isa = PBXFileReference; fileEncoding = 4; lastKnownFileType = sourcecode.swift; path = AUIDefaultTitlePickerComponentController.swift; sourceTree = "<group>"; };
		C53AEB282195DD1A0087F0A2 /* AUITitlePickerItemController.swift */ = {isa = PBXFileReference; fileEncoding = 4; lastKnownFileType = sourcecode.swift; path = AUITitlePickerItemController.swift; sourceTree = "<group>"; };
		C53AEB292195DD1A0087F0A2 /* AUITitlePickerComponentController.swift */ = {isa = PBXFileReference; fileEncoding = 4; lastKnownFileType = sourcecode.swift; path = AUITitlePickerComponentController.swift; sourceTree = "<group>"; };
		C53AEB2A2195DD1A0087F0A2 /* AUIDefaultPickerController.swift */ = {isa = PBXFileReference; fileEncoding = 4; lastKnownFileType = sourcecode.swift; path = AUIDefaultPickerController.swift; sourceTree = "<group>"; };
		C53AEB2C2195DD1A0087F0A2 /* AUIPickerItemController.swift */ = {isa = PBXFileReference; fileEncoding = 4; lastKnownFileType = sourcecode.swift; path = AUIPickerItemController.swift; sourceTree = "<group>"; };
		C53AEB4A2195FA280087F0A2 /* AUIDefaultScrollViewController.swift */ = {isa = PBXFileReference; fileEncoding = 4; lastKnownFileType = sourcecode.swift; path = AUIDefaultScrollViewController.swift; sourceTree = "<group>"; };
		C53AEB4E2195FA280087F0A2 /* AUIScrollViewController.swift */ = {isa = PBXFileReference; fileEncoding = 4; lastKnownFileType = sourcecode.swift; path = AUIScrollViewController.swift; sourceTree = "<group>"; };
		C53AEB4F2195FA280087F0A2 /* AUIScrollView.swift */ = {isa = PBXFileReference; fileEncoding = 4; lastKnownFileType = sourcecode.swift; path = AUIScrollView.swift; sourceTree = "<group>"; };
		C53AEB572195FA970087F0A2 /* AUIDefaultTextViewController.swift */ = {isa = PBXFileReference; fileEncoding = 4; lastKnownFileType = sourcecode.swift; path = AUIDefaultTextViewController.swift; sourceTree = "<group>"; };
		C53AEB582195FA970087F0A2 /* AUITextViewController.swift */ = {isa = PBXFileReference; fileEncoding = 4; lastKnownFileType = sourcecode.swift; path = AUITextViewController.swift; sourceTree = "<group>"; };
		C53FB4A221C68A9B0067C46C /* AUIPickerComponentController.swift */ = {isa = PBXFileReference; fileEncoding = 4; lastKnownFileType = sourcecode.swift; path = AUIPickerComponentController.swift; sourceTree = "<group>"; };
/* End PBXFileReference section */

/* Begin PBXFrameworksBuildPhase section */
		C53AEA452195AF690087F0A2 /* Frameworks */ = {
			isa = PBXFrameworksBuildPhase;
			buildActionMask = 2147483647;
			files = (
			);
			runOnlyForDeploymentPostprocessing = 0;
		};
/* End PBXFrameworksBuildPhase section */

/* Begin PBXGroup section */
		30A7CD32219C140D006DAAA1 /* CollectionView */ = {
			isa = PBXGroup;
			children = (
				30BB5E542206FA0C00F7DA0F /* DynamicSizeCollection */,
				30A7CD41219C144A006DAAA1 /* AUICollectionViewController.swift */,
				30A7CD42219C144A006DAAA1 /* CellControllers */,
				30A7CD36219C144A006DAAA1 /* Cells */,
				30A7CD3C219C144A006DAAA1 /* Proxies */,
			);
			path = CollectionView;
			sourceTree = "<group>";
		};
		30A7CD36219C144A006DAAA1 /* Cells */ = {
			isa = PBXGroup;
			children = (
				30A7CD37219C144A006DAAA1 /* AUICollectionViewCell.swift */,
				30A7CD38219C144A006DAAA1 /* AUIContainerCollectionViewCell.swift */,
				30BB5E5D2206FC0500F7DA0F /* AUIDynamicSizeCollectionCell.swift */,
				30BB5E5E2206FC0500F7DA0F /* AUIReusableCollectionCell.swift */,
			);
			path = Cells;
			sourceTree = "<group>";
		};
		30A7CD3C219C144A006DAAA1 /* Proxies */ = {
			isa = PBXGroup;
			children = (
				30A7CD3D219C144A006DAAA1 /* AUICollectionViewDataSourceProxy.swift */,
				30A7CD3E219C144A006DAAA1 /* AUICollectionViewDataSourcePrefetchingProxy.swift */,
				30A7CD3F219C144A006DAAA1 /* AUICollectionViewDelegateProxy.swift */,
			);
			path = Proxies;
			sourceTree = "<group>";
		};
		30A7CD42219C144A006DAAA1 /* CellControllers */ = {
			isa = PBXGroup;
			children = (
				30A7CD45219C144A006DAAA1 /* AUICollectionViewCellController.swift */,
				30A7CD44219C144A006DAAA1 /* AUIElementCollectionViewCellController.swift */,
			);
			path = CellControllers;
			sourceTree = "<group>";
		};
		30BB5E542206FA0C00F7DA0F /* DynamicSizeCollection */ = {
			isa = PBXGroup;
			children = (
				30BB5E562206FA6A00F7DA0F /* AUIDeletingCellControllers.swift */,
				30BB5E552206FA6A00F7DA0F /* AUIInsertingCellControllers.swift */,
				3013CE402208D54F0015AE99 /* AUIUpdatingCellControllers.swift */,
				30BB5E582206FA6A00F7DA0F /* AUIUpdatableCollectionViewController.swift */,
				30BB5E572206FA6A00F7DA0F /* AUIUpdatableWideCollectionViewLayout.swift */,
			);
			path = DynamicSizeCollection;
			sourceTree = "<group>";
		};
		C525D81621996AF10057E69F /* RefreshControl */ = {
			isa = PBXGroup;
			children = (
				C525D81721996AF10057E69F /* AUIRefreshControlController.swift */,
				C525D81821996AF10057E69F /* AUIDefaultRefreshControlController.swift */,
			);
			path = RefreshControl;
			sourceTree = "<group>";
		};
		C525D81921996AF10057E69F /* Button */ = {
			isa = PBXGroup;
			children = (
				C525D81A21996AF10057E69F /* AUIButtonController.swift */,
				C525D81C21996AF10057E69F /* AUIDefaultButtonController.swift */,
				C525D81B21996AF10057E69F /* AUIButton.swift */,
			);
			path = Button;
			sourceTree = "<group>";
		};
		C525D81D21996AF10057E69F /* Control */ = {
			isa = PBXGroup;
			children = (
				C525D81E21996AF20057E69F /* AUIControlController.swift */,
				C525D81F21996AF20057E69F /* AUIDefaultControlController.swift */,
			);
			path = Control;
			sourceTree = "<group>";
		};
		C525D82E219971F70057E69F /* TextField */ = {
			isa = PBXGroup;
			children = (
				C525D82F219971F70057E69F /* AUITextFieldController.swift */,
				C525D830219971F70057E69F /* AUIDefaultTextFieldController.swift */,
			);
			path = TextField;
			sourceTree = "<group>";
		};
		C525D833219972770057E69F /* Pages */ = {
			isa = PBXGroup;
			children = (
				C528BA4321BC410200FFCE53 /* AUIPagesController.swift */,
				C525D836219972770057E69F /* AUIDefaultPagesController.swift */,
				C528BA4521BC42EF00FFCE53 /* Page */,
				C525D837219972770057E69F /* UIPageControl+PreferredSize.swift */,
			);
			path = Pages;
			sourceTree = "<group>";
		};
		C525D8652199866D0057E69F /* TableView */ = {
			isa = PBXGroup;
			children = (
				C525D8722199866D0057E69F /* AUITableViewController.swift */,
				C525D8732199866D0057E69F /* AUIDefaultTableViewController.swift */,
				C528BA4121BC3EC500FFCE53 /* AUITableView.swift */,
				C525D8662199866D0057E69F /* Section */,
				C525D8742199866D0057E69F /* HeaderFooter */,
				C525D86C2199866D0057E69F /* Cell */,
			);
			path = TableView;
			sourceTree = "<group>";
		};
		C525D8662199866D0057E69F /* Section */ = {
			isa = PBXGroup;
			children = (
				C525D8672199866D0057E69F /* AUIElementTableViewSectionController.swift */,
				C525D8682199866D0057E69F /* AUITableViewSectionController.swift */,
			);
			path = Section;
			sourceTree = "<group>";
		};
		C525D86C2199866D0057E69F /* Cell */ = {
			isa = PBXGroup;
			children = (
				C525D86F2199866D0057E69F /* AUITableViewCellController.swift */,
				C525D86D2199866D0057E69F /* AUIGenericContainerTableViewCell.swift */,
				C525D8702199866D0057E69F /* AUIElementTableViewCellController.swift */,
				C525D86E2199866D0057E69F /* AUITableViewCellView.swift */,
				C525D8712199866D0057E69F /* AUIContainerTableViewCell.swift */,
			);
			path = Cell;
			sourceTree = "<group>";
		};
		C525D8742199866D0057E69F /* HeaderFooter */ = {
			isa = PBXGroup;
			children = (
				C525D8782199866D0057E69F /* AUITableViewHeaderFooterController.swift */,
				C525D8762199866D0057E69F /* AUIElementTableViewHeaderFooterController.swift */,
				C525D8772199866D0057E69F /* AUITableViewHeaderFooterView.swift */,
				C525D8752199866D0057E69F /* AUIContainerTableViewHeaderFooterView.swift */,
				C525D8792199866D0057E69F /* AUIGenericContainerTableViewHeaderFooterView.swift */,
			);
			path = HeaderFooter;
			sourceTree = "<group>";
		};
		C525D88B2199989D0057E69F /* Screens */ = {
			isa = PBXGroup;
			children = (
				C525D88C219998AA0057E69F /* AUIScreenController.swift */,
			);
			path = Screens;
			sourceTree = "<group>";
		};
		C528BA4521BC42EF00FFCE53 /* Page */ = {
			isa = PBXGroup;
			children = (
				C525D835219972770057E69F /* AUIPageController.swift */,
				C525D834219972770057E69F /* AUIDefaultPageController.swift */,
			);
			path = Page;
			sourceTree = "<group>";
		};
		C53AEA3E2195AF690087F0A2 = {
			isa = PBXGroup;
			children = (
				C53AEA4A2195AF690087F0A2 /* AUIKit */,
				C53AEA492195AF690087F0A2 /* Products */,
			);
			sourceTree = "<group>";
		};
		C53AEA492195AF690087F0A2 /* Products */ = {
			isa = PBXGroup;
			children = (
				C53AEA482195AF690087F0A2 /* AUIKit.framework */,
			);
			name = Products;
			sourceTree = "<group>";
		};
		C53AEA4A2195AF690087F0A2 /* AUIKit */ = {
			isa = PBXGroup;
			children = (
				C525D88B2199989D0057E69F /* Screens */,
				C53AEA532195B01C0087F0A2 /* Elements */,
				C53AEA4B2195AF690087F0A2 /* AUIKit.h */,
				C53AEA4C2195AF690087F0A2 /* Info.plist */,
			);
			path = AUIKit;
			sourceTree = "<group>";
		};
		C53AEA532195B01C0087F0A2 /* Elements */ = {
			isa = PBXGroup;
			children = (
				C53AEB172195DC470087F0A2 /* BarItem */,
				C53AEB1A2195DC470087F0A2 /* BarButtonItem */,
				C53AEA9E2195B01C0087F0A2 /* View */,
				C53AEAFB2195D9710087F0A2 /* Label */,
				C53AEB102195DBE30087F0A2 /* ImageView */,
				C53AEAF32195D9710087F0A2 /* Toolbar */,
				C53AEB212195DD1A0087F0A2 /* Picker */,
				C525D81D21996AF10057E69F /* Control */,
				C525D81921996AF10057E69F /* Button */,
				C525D81621996AF10057E69F /* RefreshControl */,
				C525D82E219971F70057E69F /* TextField */,
				C53AEB492195FA280087F0A2 /* ScrollView */,
				C53AEB562195FA970087F0A2 /* TextView */,
				C525D8652199866D0057E69F /* TableView */,
				30A7CD32219C140D006DAAA1 /* CollectionView */,
				C525D833219972770057E69F /* Pages */,
			);
			path = Elements;
			sourceTree = "<group>";
		};
		C53AEA9E2195B01C0087F0A2 /* View */ = {
			isa = PBXGroup;
			children = (
				C53AEAA22195B01C0087F0A2 /* AUIViewController.swift */,
				C53AEAA12195B01C0087F0A2 /* AUIDefaultViewController.swift */,
				C53AEAA02195B01C0087F0A2 /* AUIView.swift */,
			);
			path = View;
			sourceTree = "<group>";
		};
		C53AEAF32195D9710087F0A2 /* Toolbar */ = {
			isa = PBXGroup;
			children = (
				C53AEAF62195D9710087F0A2 /* AUIToolbarController.swift */,
				C53AEAF42195D9710087F0A2 /* AUIDefaultToolbarController.swift */,
				C53AEAF52195D9710087F0A2 /* AUIToolbar.swift */,
			);
			path = Toolbar;
			sourceTree = "<group>";
		};
		C53AEAFB2195D9710087F0A2 /* Label */ = {
			isa = PBXGroup;
			children = (
				C53AEAFD2195D9710087F0A2 /* AUILabelController.swift */,
				C53AEAFE2195D9710087F0A2 /* AUIDefaultLabelController.swift */,
				C53AEAFC2195D9710087F0A2 /* AUILabel.swift */,
			);
			path = Label;
			sourceTree = "<group>";
		};
		C53AEB102195DBE30087F0A2 /* ImageView */ = {
			isa = PBXGroup;
			children = (
				C53AEB122195DBE30087F0A2 /* AUIImageViewController.swift */,
				C53AEB112195DBE30087F0A2 /* AUIDefaultImageViewController.swift */,
				C53AEB132195DBE30087F0A2 /* AUIImageView.swift */,
			);
			path = ImageView;
			sourceTree = "<group>";
		};
		C53AEB172195DC470087F0A2 /* BarItem */ = {
			isa = PBXGroup;
			children = (
				C53AEB182195DC470087F0A2 /* AUIBarItemController.swift */,
				C53AEB192195DC470087F0A2 /* AUIDefaultBarItemController.swift */,
			);
			path = BarItem;
			sourceTree = "<group>";
		};
		C53AEB1A2195DC470087F0A2 /* BarButtonItem */ = {
			isa = PBXGroup;
			children = (
				C53AEB1C2195DC470087F0A2 /* AUIBarButtonItemController.swift */,
				C53AEB1B2195DC470087F0A2 /* AUIDefaultBarButtonItemController.swift */,
			);
			path = BarButtonItem;
			sourceTree = "<group>";
		};
		C53AEB212195DD1A0087F0A2 /* Picker */ = {
			isa = PBXGroup;
			children = (
				C53AEB222195DD1A0087F0A2 /* AUIPickerController.swift */,
				C53AEB2A2195DD1A0087F0A2 /* AUIDefaultPickerController.swift */,
				C53FB4A221C68A9B0067C46C /* AUIPickerComponentController.swift */,
				C53AEB2C2195DD1A0087F0A2 /* AUIPickerItemController.swift */,
				C53AEB232195DD1A0087F0A2 /* Title */,
			);
			path = Picker;
			sourceTree = "<group>";
		};
		C53AEB232195DD1A0087F0A2 /* Title */ = {
			isa = PBXGroup;
			children = (
				C53AEB262195DD1A0087F0A2 /* AUITitlePickerController.swift */,
				C53AEB292195DD1A0087F0A2 /* AUITitlePickerComponentController.swift */,
				C53AEB282195DD1A0087F0A2 /* AUITitlePickerItemController.swift */,
				C53AEB252195DD1A0087F0A2 /* AUIDefaultTitlePickerController.swift */,
				C53AEB272195DD1A0087F0A2 /* AUIDefaultTitlePickerComponentController.swift */,
				C53AEB242195DD1A0087F0A2 /* AUIDefaultTitlePickerItemController.swift */,
			);
			path = Title;
			sourceTree = "<group>";
		};
		C53AEB492195FA280087F0A2 /* ScrollView */ = {
			isa = PBXGroup;
			children = (
				C53AEB4E2195FA280087F0A2 /* AUIScrollViewController.swift */,
				C53AEB4A2195FA280087F0A2 /* AUIDefaultScrollViewController.swift */,
				C53AEB4F2195FA280087F0A2 /* AUIScrollView.swift */,
			);
			path = ScrollView;
			sourceTree = "<group>";
		};
		C53AEB562195FA970087F0A2 /* TextView */ = {
			isa = PBXGroup;
			children = (
				C53AEB582195FA970087F0A2 /* AUITextViewController.swift */,
				C53AEB572195FA970087F0A2 /* AUIDefaultTextViewController.swift */,
			);
			path = TextView;
			sourceTree = "<group>";
		};
/* End PBXGroup section */

/* Begin PBXHeadersBuildPhase section */
		C53AEA432195AF690087F0A2 /* Headers */ = {
			isa = PBXHeadersBuildPhase;
			buildActionMask = 2147483647;
			files = (
				C53AEA4D2195AF690087F0A2 /* AUIKit.h in Headers */,
			);
			runOnlyForDeploymentPostprocessing = 0;
		};
/* End PBXHeadersBuildPhase section */

/* Begin PBXNativeTarget section */
		C53AEA472195AF690087F0A2 /* AUIKit */ = {
			isa = PBXNativeTarget;
			buildConfigurationList = C53AEA502195AF690087F0A2 /* Build configuration list for PBXNativeTarget "AUIKit" */;
			buildPhases = (
				C53AEA432195AF690087F0A2 /* Headers */,
				C53AEA442195AF690087F0A2 /* Sources */,
				C53AEA452195AF690087F0A2 /* Frameworks */,
				C53AEA462195AF690087F0A2 /* Resources */,
			);
			buildRules = (
			);
			dependencies = (
			);
			name = AUIKit;
			productName = AUIKit;
			productReference = C53AEA482195AF690087F0A2 /* AUIKit.framework */;
			productType = "com.apple.product-type.framework";
		};
/* End PBXNativeTarget section */

/* Begin PBXProject section */
		C53AEA3F2195AF690087F0A2 /* Project object */ = {
			isa = PBXProject;
			attributes = {
				LastUpgradeCheck = 1010;
				TargetAttributes = {
					C53AEA472195AF690087F0A2 = {
						CreatedOnToolsVersion = 10.1;
					};
				};
			};
			buildConfigurationList = C53AEA422195AF690087F0A2 /* Build configuration list for PBXProject "AUIKit" */;
			compatibilityVersion = "Xcode 9.3";
			developmentRegion = en;
			hasScannedForEncodings = 0;
			knownRegions = (
				en,
			);
			mainGroup = C53AEA3E2195AF690087F0A2;
			productRefGroup = C53AEA492195AF690087F0A2 /* Products */;
			projectDirPath = "";
			projectRoot = "";
			targets = (
				C53AEA472195AF690087F0A2 /* AUIKit */,
			);
		};
/* End PBXProject section */

/* Begin PBXResourcesBuildPhase section */
		C53AEA462195AF690087F0A2 /* Resources */ = {
			isa = PBXResourcesBuildPhase;
			buildActionMask = 2147483647;
			files = (
			);
			runOnlyForDeploymentPostprocessing = 0;
		};
/* End PBXResourcesBuildPhase section */

/* Begin PBXSourcesBuildPhase section */
		C53AEA442195AF690087F0A2 /* Sources */ = {
			isa = PBXSourcesBuildPhase;
			buildActionMask = 2147483647;
			files = (
				C53AEB072195D9710087F0A2 /* AUIToolbarController.swift in Sources */,
				C525D8892199866D0057E69F /* AUITableViewHeaderFooterController.swift in Sources */,
				C525D831219971F70057E69F /* AUITextFieldController.swift in Sources */,
				C525D8872199866D0057E69F /* AUIElementTableViewHeaderFooterController.swift in Sources */,
				C525D82221996AF20057E69F /* AUIButtonController.swift in Sources */,
				C525D82121996AF20057E69F /* AUIDefaultRefreshControlController.swift in Sources */,
				C53AEAE52195B01C0087F0A2 /* AUIDefaultViewController.swift in Sources */,
				30A7CD55219C144A006DAAA1 /* AUICollectionViewCellController.swift in Sources */,
				C525D8812199866D0057E69F /* AUITableViewCellController.swift in Sources */,
				C53AEB142195DBE30087F0A2 /* AUIDefaultImageViewController.swift in Sources */,
				C525D82621996AF20057E69F /* AUIDefaultControlController.swift in Sources */,
				C53AEAE62195B01C0087F0A2 /* AUIViewController.swift in Sources */,
				C53AEB312195DD1A0087F0A2 /* AUIDefaultTitlePickerComponentController.swift in Sources */,
				30BB5E5C2206FA6A00F7DA0F /* AUIUpdatableCollectionViewController.swift in Sources */,
				30A7CD4F219C144A006DAAA1 /* AUICollectionViewDataSourcePrefetchingProxy.swift in Sources */,
				C525D8822199866D0057E69F /* AUIElementTableViewCellController.swift in Sources */,
				C53AEB302195DD1A0087F0A2 /* AUITitlePickerController.swift in Sources */,
				C53AEB542195FA280087F0A2 /* AUIScrollViewController.swift in Sources */,
				C525D83A219972770057E69F /* AUIDefaultPagesController.swift in Sources */,
				30BB5E592206FA6A00F7DA0F /* AUIInsertingCellControllers.swift in Sources */,
				C53AEAEE2195BD980087F0A2 /* AUIView.swift in Sources */,
				C53AEB052195D9710087F0A2 /* AUIDefaultToolbarController.swift in Sources */,
				30BB5E5F2206FC0500F7DA0F /* AUIDynamicSizeCollectionCell.swift in Sources */,
				C525D88A2199866D0057E69F /* AUIGenericContainerTableViewHeaderFooterView.swift in Sources */,
				C525D87A2199866D0057E69F /* AUIElementTableViewSectionController.swift in Sources */,
				C53AEB362195DD1B0087F0A2 /* AUIPickerItemController.swift in Sources */,
				30A7CD49219C144A006DAAA1 /* AUICollectionViewCell.swift in Sources */,
				C53AEB162195DBE30087F0A2 /* AUIImageView.swift in Sources */,
				30BB5E5B2206FA6A00F7DA0F /* AUIUpdatableWideCollectionViewLayout.swift in Sources */,
				C53AEB0C2195D9710087F0A2 /* AUILabelController.swift in Sources */,
				C53AEB342195DD1B0087F0A2 /* AUIDefaultPickerController.swift in Sources */,
				C528BA4221BC3EC500FFCE53 /* AUITableView.swift in Sources */,
				C525D82021996AF20057E69F /* AUIRefreshControlController.swift in Sources */,
				C53AEB1E2195DC470087F0A2 /* AUIDefaultBarItemController.swift in Sources */,
				C525D8852199866D0057E69F /* AUIDefaultTableViewController.swift in Sources */,
				C525D87B2199866D0057E69F /* AUITableViewSectionController.swift in Sources */,
				30BB5E5A2206FA6A00F7DA0F /* AUIDeletingCellControllers.swift in Sources */,
				C53AEB062195D9710087F0A2 /* AUIToolbar.swift in Sources */,
				C53AEB332195DD1B0087F0A2 /* AUITitlePickerComponentController.swift in Sources */,
				C53AEB5A2195FA970087F0A2 /* AUITextViewController.swift in Sources */,
				C525D839219972770057E69F /* AUIPageController.swift in Sources */,
				C525D8802199866D0057E69F /* AUITableViewCellView.swift in Sources */,
				C53AEB1F2195DC470087F0A2 /* AUIDefaultBarButtonItemController.swift in Sources */,
				30A7CD4A219C144A006DAAA1 /* AUIContainerCollectionViewCell.swift in Sources */,
				C53AEB0D2195D9710087F0A2 /* AUIDefaultLabelController.swift in Sources */,
				C53AEB202195DC470087F0A2 /* AUIBarButtonItemController.swift in Sources */,
				30A7CD54219C144A006DAAA1 /* AUIElementCollectionViewCellController.swift in Sources */,
				C53AEB1D2195DC470087F0A2 /* AUIBarItemController.swift in Sources */,
				C53AEB152195DBE30087F0A2 /* AUIImageViewController.swift in Sources */,
				C525D8842199866D0057E69F /* AUITableViewController.swift in Sources */,
				C525D88D219998AA0057E69F /* AUIScreenController.swift in Sources */,
				C53AEB2D2195DD1A0087F0A2 /* AUIPickerController.swift in Sources */,
				30A7CD4E219C144A006DAAA1 /* AUICollectionViewDataSourceProxy.swift in Sources */,
				C53FB4A321C68A9B0067C46C /* AUIPickerComponentController.swift in Sources */,
				C53AEB502195FA280087F0A2 /* AUIDefaultScrollViewController.swift in Sources */,
				30A7CD52219C144A006DAAA1 /* AUICollectionViewController.swift in Sources */,
				C525D8882199866D0057E69F /* AUITableViewHeaderFooterView.swift in Sources */,
				C525D83B219972770057E69F /* UIPageControl+PreferredSize.swift in Sources */,
				3013CE412208D54F0015AE99 /* AUIUpdatingCellControllers.swift in Sources */,
				C53AEB0B2195D9710087F0A2 /* AUILabel.swift in Sources */,
				C53AEB322195DD1B0087F0A2 /* AUITitlePickerItemController.swift in Sources */,
				C525D832219971F70057E69F /* AUIDefaultTextFieldController.swift in Sources */,
				C528BA4421BC410200FFCE53 /* AUIPagesController.swift in Sources */,
				C525D82321996AF20057E69F /* AUIButton.swift in Sources */,
				C525D838219972770057E69F /* AUIDefaultPageController.swift in Sources */,
				30BB5E602206FC0500F7DA0F /* AUIReusableCollectionCell.swift in Sources */,
				C525D82421996AF20057E69F /* AUIDefaultButtonController.swift in Sources */,
				C53AEB2F2195DD1A0087F0A2 /* AUIDefaultTitlePickerController.swift in Sources */,
				C53AEB2E2195DD1A0087F0A2 /* AUIDefaultTitlePickerItemController.swift in Sources */,
				C525D8862199866D0057E69F /* AUIContainerTableViewHeaderFooterView.swift in Sources */,
				C53AEB592195FA970087F0A2 /* AUIDefaultTextViewController.swift in Sources */,
				30A7CD50219C144A006DAAA1 /* AUICollectionViewDelegateProxy.swift in Sources */,
				C53AEB552195FA280087F0A2 /* AUIScrollView.swift in Sources */,
				C525D82521996AF20057E69F /* AUIControlController.swift in Sources */,
				C525D87F2199866D0057E69F /* AUIGenericContainerTableViewCell.swift in Sources */,
				C525D8832199866D0057E69F /* AUIContainerTableViewCell.swift in Sources */,
			);
			runOnlyForDeploymentPostprocessing = 0;
		};
/* End PBXSourcesBuildPhase section */

/* Begin XCBuildConfiguration section */
		C53AEA4E2195AF690087F0A2 /* Debug */ = {
			isa = XCBuildConfiguration;
			buildSettings = {
				ALWAYS_SEARCH_USER_PATHS = NO;
				CLANG_ANALYZER_NONNULL = YES;
				CLANG_ANALYZER_NUMBER_OBJECT_CONVERSION = YES_AGGRESSIVE;
				CLANG_CXX_LANGUAGE_STANDARD = "gnu++14";
				CLANG_CXX_LIBRARY = "libc++";
				CLANG_ENABLE_MODULES = YES;
				CLANG_ENABLE_OBJC_ARC = YES;
				CLANG_ENABLE_OBJC_WEAK = YES;
				CLANG_WARN_BLOCK_CAPTURE_AUTORELEASING = YES;
				CLANG_WARN_BOOL_CONVERSION = YES;
				CLANG_WARN_COMMA = YES;
				CLANG_WARN_CONSTANT_CONVERSION = YES;
				CLANG_WARN_DEPRECATED_OBJC_IMPLEMENTATIONS = YES;
				CLANG_WARN_DIRECT_OBJC_ISA_USAGE = YES_ERROR;
				CLANG_WARN_DOCUMENTATION_COMMENTS = YES;
				CLANG_WARN_EMPTY_BODY = YES;
				CLANG_WARN_ENUM_CONVERSION = YES;
				CLANG_WARN_INFINITE_RECURSION = YES;
				CLANG_WARN_INT_CONVERSION = YES;
				CLANG_WARN_NON_LITERAL_NULL_CONVERSION = YES;
				CLANG_WARN_OBJC_IMPLICIT_RETAIN_SELF = YES;
				CLANG_WARN_OBJC_LITERAL_CONVERSION = YES;
				CLANG_WARN_OBJC_ROOT_CLASS = YES_ERROR;
				CLANG_WARN_RANGE_LOOP_ANALYSIS = YES;
				CLANG_WARN_STRICT_PROTOTYPES = YES;
				CLANG_WARN_SUSPICIOUS_MOVE = YES;
				CLANG_WARN_UNGUARDED_AVAILABILITY = YES_AGGRESSIVE;
				CLANG_WARN_UNREACHABLE_CODE = YES;
				CLANG_WARN__DUPLICATE_METHOD_MATCH = YES;
				CODE_SIGN_IDENTITY = "iPhone Developer";
				COPY_PHASE_STRIP = NO;
				CURRENT_PROJECT_VERSION = 1;
				DEBUG_INFORMATION_FORMAT = dwarf;
				ENABLE_STRICT_OBJC_MSGSEND = YES;
				ENABLE_TESTABILITY = YES;
				GCC_C_LANGUAGE_STANDARD = gnu11;
				GCC_DYNAMIC_NO_PIC = NO;
				GCC_NO_COMMON_BLOCKS = YES;
				GCC_OPTIMIZATION_LEVEL = 0;
				GCC_PREPROCESSOR_DEFINITIONS = (
					"DEBUG=1",
					"$(inherited)",
				);
				GCC_WARN_64_TO_32_BIT_CONVERSION = YES;
				GCC_WARN_ABOUT_RETURN_TYPE = YES_ERROR;
				GCC_WARN_UNDECLARED_SELECTOR = YES;
				GCC_WARN_UNINITIALIZED_AUTOS = YES_AGGRESSIVE;
				GCC_WARN_UNUSED_FUNCTION = YES;
				GCC_WARN_UNUSED_VARIABLE = YES;
				IPHONEOS_DEPLOYMENT_TARGET = 12.1;
				MTL_ENABLE_DEBUG_INFO = INCLUDE_SOURCE;
				MTL_FAST_MATH = YES;
				ONLY_ACTIVE_ARCH = YES;
				SDKROOT = iphoneos;
				SWIFT_ACTIVE_COMPILATION_CONDITIONS = DEBUG;
				SWIFT_OPTIMIZATION_LEVEL = "-Onone";
				VERSIONING_SYSTEM = "apple-generic";
				VERSION_INFO_PREFIX = "";
			};
			name = Debug;
		};
		C53AEA4F2195AF690087F0A2 /* Release */ = {
			isa = XCBuildConfiguration;
			buildSettings = {
				ALWAYS_SEARCH_USER_PATHS = NO;
				CLANG_ANALYZER_NONNULL = YES;
				CLANG_ANALYZER_NUMBER_OBJECT_CONVERSION = YES_AGGRESSIVE;
				CLANG_CXX_LANGUAGE_STANDARD = "gnu++14";
				CLANG_CXX_LIBRARY = "libc++";
				CLANG_ENABLE_MODULES = YES;
				CLANG_ENABLE_OBJC_ARC = YES;
				CLANG_ENABLE_OBJC_WEAK = YES;
				CLANG_WARN_BLOCK_CAPTURE_AUTORELEASING = YES;
				CLANG_WARN_BOOL_CONVERSION = YES;
				CLANG_WARN_COMMA = YES;
				CLANG_WARN_CONSTANT_CONVERSION = YES;
				CLANG_WARN_DEPRECATED_OBJC_IMPLEMENTATIONS = YES;
				CLANG_WARN_DIRECT_OBJC_ISA_USAGE = YES_ERROR;
				CLANG_WARN_DOCUMENTATION_COMMENTS = YES;
				CLANG_WARN_EMPTY_BODY = YES;
				CLANG_WARN_ENUM_CONVERSION = YES;
				CLANG_WARN_INFINITE_RECURSION = YES;
				CLANG_WARN_INT_CONVERSION = YES;
				CLANG_WARN_NON_LITERAL_NULL_CONVERSION = YES;
				CLANG_WARN_OBJC_IMPLICIT_RETAIN_SELF = YES;
				CLANG_WARN_OBJC_LITERAL_CONVERSION = YES;
				CLANG_WARN_OBJC_ROOT_CLASS = YES_ERROR;
				CLANG_WARN_RANGE_LOOP_ANALYSIS = YES;
				CLANG_WARN_STRICT_PROTOTYPES = YES;
				CLANG_WARN_SUSPICIOUS_MOVE = YES;
				CLANG_WARN_UNGUARDED_AVAILABILITY = YES_AGGRESSIVE;
				CLANG_WARN_UNREACHABLE_CODE = YES;
				CLANG_WARN__DUPLICATE_METHOD_MATCH = YES;
				CODE_SIGN_IDENTITY = "iPhone Developer";
				COPY_PHASE_STRIP = NO;
				CURRENT_PROJECT_VERSION = 1;
				DEBUG_INFORMATION_FORMAT = "dwarf-with-dsym";
				ENABLE_NS_ASSERTIONS = NO;
				ENABLE_STRICT_OBJC_MSGSEND = YES;
				GCC_C_LANGUAGE_STANDARD = gnu11;
				GCC_NO_COMMON_BLOCKS = YES;
				GCC_WARN_64_TO_32_BIT_CONVERSION = YES;
				GCC_WARN_ABOUT_RETURN_TYPE = YES_ERROR;
				GCC_WARN_UNDECLARED_SELECTOR = YES;
				GCC_WARN_UNINITIALIZED_AUTOS = YES_AGGRESSIVE;
				GCC_WARN_UNUSED_FUNCTION = YES;
				GCC_WARN_UNUSED_VARIABLE = YES;
				IPHONEOS_DEPLOYMENT_TARGET = 12.1;
				MTL_ENABLE_DEBUG_INFO = NO;
				MTL_FAST_MATH = YES;
				SDKROOT = iphoneos;
				SWIFT_COMPILATION_MODE = wholemodule;
				SWIFT_OPTIMIZATION_LEVEL = "-O";
				VALIDATE_PRODUCT = YES;
				VERSIONING_SYSTEM = "apple-generic";
				VERSION_INFO_PREFIX = "";
			};
			name = Release;
		};
		C53AEA512195AF690087F0A2 /* Debug */ = {
			isa = XCBuildConfiguration;
			buildSettings = {
				CODE_SIGN_IDENTITY = "";
				CODE_SIGN_STYLE = Automatic;
				DEFINES_MODULE = YES;
				DEVELOPMENT_TEAM = 6HRD7URR3P;
				DYLIB_COMPATIBILITY_VERSION = 1;
				DYLIB_CURRENT_VERSION = 1;
				DYLIB_INSTALL_NAME_BASE = "@rpath";
				INFOPLIST_FILE = AUIKit/Info.plist;
				INSTALL_PATH = "$(LOCAL_LIBRARY_DIR)/Frameworks";
				IPHONEOS_DEPLOYMENT_TARGET = 10.0;
				LD_RUNPATH_SEARCH_PATHS = (
					"$(inherited)",
					"@executable_path/Frameworks",
					"@loader_path/Frameworks",
				);
				PRODUCT_BUNDLE_IDENTIFIER = me.ihormyroniuk.AUIKit;
				PRODUCT_NAME = "$(TARGET_NAME:c99extidentifier)";
				SKIP_INSTALL = YES;
				SWIFT_VERSION = 4.2;
				TARGETED_DEVICE_FAMILY = "1,2";
			};
			name = Debug;
		};
		C53AEA522195AF690087F0A2 /* Release */ = {
			isa = XCBuildConfiguration;
			buildSettings = {
				CODE_SIGN_IDENTITY = "";
				CODE_SIGN_STYLE = Automatic;
				DEFINES_MODULE = YES;
				DEVELOPMENT_TEAM = 6HRD7URR3P;
				DYLIB_COMPATIBILITY_VERSION = 1;
				DYLIB_CURRENT_VERSION = 1;
				DYLIB_INSTALL_NAME_BASE = "@rpath";
				INFOPLIST_FILE = AUIKit/Info.plist;
				INSTALL_PATH = "$(LOCAL_LIBRARY_DIR)/Frameworks";
				IPHONEOS_DEPLOYMENT_TARGET = 10.0;
				LD_RUNPATH_SEARCH_PATHS = (
					"$(inherited)",
					"@executable_path/Frameworks",
					"@loader_path/Frameworks",
				);
				PRODUCT_BUNDLE_IDENTIFIER = me.ihormyroniuk.AUIKit;
				PRODUCT_NAME = "$(TARGET_NAME:c99extidentifier)";
				SKIP_INSTALL = YES;
				SWIFT_VERSION = 4.2;
				TARGETED_DEVICE_FAMILY = "1,2";
			};
			name = Release;
		};
/* End XCBuildConfiguration section */

/* Begin XCConfigurationList section */
		C53AEA422195AF690087F0A2 /* Build configuration list for PBXProject "AUIKit" */ = {
			isa = XCConfigurationList;
			buildConfigurations = (
				C53AEA4E2195AF690087F0A2 /* Debug */,
				C53AEA4F2195AF690087F0A2 /* Release */,
			);
			defaultConfigurationIsVisible = 0;
			defaultConfigurationName = Release;
		};
		C53AEA502195AF690087F0A2 /* Build configuration list for PBXNativeTarget "AUIKit" */ = {
			isa = XCConfigurationList;
			buildConfigurations = (
				C53AEA512195AF690087F0A2 /* Debug */,
				C53AEA522195AF690087F0A2 /* Release */,
			);
			defaultConfigurationIsVisible = 0;
			defaultConfigurationName = Release;
		};
/* End XCConfigurationList section */
	};
	rootObject = C53AEA3F2195AF690087F0A2 /* Project object */;
}
